// !$*UTF8*$!
{
	archiveVersion = 1;
	classes = {
	};
	objectVersion = 46;
	objects = {

/* Begin PBXBuildFile section */
		FE16A6421DA985F000294D7F /* MediaPlayer.framework in Frameworks */ = {isa = PBXBuildFile; fileRef = FE16A6411DA985F000294D7F /* MediaPlayer.framework */; };
		FE3EE6F11DAAD88300FF0FC4 /* Capture.PNG in Resources */ = {isa = PBXBuildFile; fileRef = FE3EE6F01DAAD88300FF0FC4 /* Capture.PNG */; };
		FE3EE6F31DAADE7600FF0FC4 /* CI5wl3.png in Resources */ = {isa = PBXBuildFile; fileRef = FE3EE6F21DAADE7600FF0FC4 /* CI5wl3.png */; };
		FE8D152B1DB6C855002C6569 /* album-ph.png in Resources */ = {isa = PBXBuildFile; fileRef = FE8D152A1DB6C855002C6569 /* album-ph.png */; };
		FEACB1C81DA8B79B0068AC10 /* AppDelegate.swift in Sources */ = {isa = PBXBuildFile; fileRef = FEACB1C71DA8B79B0068AC10 /* AppDelegate.swift */; };
		FEACB1CA1DA8B79B0068AC10 /* FirstViewController.swift in Sources */ = {isa = PBXBuildFile; fileRef = FEACB1C91DA8B79B0068AC10 /* FirstViewController.swift */; };
		FEACB1CC1DA8B79B0068AC10 /* SecondViewController.swift in Sources */ = {isa = PBXBuildFile; fileRef = FEACB1CB1DA8B79B0068AC10 /* SecondViewController.swift */; };
		FEACB1CF1DA8B79B0068AC10 /* Main.storyboard in Resources */ = {isa = PBXBuildFile; fileRef = FEACB1CD1DA8B79B0068AC10 /* Main.storyboard */; };
		FEACB1D11DA8B79B0068AC10 /* Assets.xcassets in Resources */ = {isa = PBXBuildFile; fileRef = FEACB1D01DA8B79B0068AC10 /* Assets.xcassets */; };
		FEACB1D41DA8B79B0068AC10 /* LaunchScreen.storyboard in Resources */ = {isa = PBXBuildFile; fileRef = FEACB1D21DA8B79B0068AC10 /* LaunchScreen.storyboard */; };
		FEACB1DF1DA8B79B0068AC10 /* SplytMusicTests.swift in Sources */ = {isa = PBXBuildFile; fileRef = FEACB1DE1DA8B79B0068AC10 /* SplytMusicTests.swift */; };
		FEACB1EA1DA8B79B0068AC10 /* SplytMusicUITests.swift in Sources */ = {isa = PBXBuildFile; fileRef = FEACB1E91DA8B79B0068AC10 /* SplytMusicUITests.swift */; };
		FEACB1FF1DA9665A0068AC10 /* MusicManager.swift in Sources */ = {isa = PBXBuildFile; fileRef = FEACB1FE1DA9665A0068AC10 /* MusicManager.swift */; };
		FEACB2011DA9698D0068AC10 /* MusicState.swift in Sources */ = {isa = PBXBuildFile; fileRef = FEACB2001DA9698D0068AC10 /* MusicState.swift */; };
		FED7EAA11DAF3BC50085C282 /* Contents.json in Resources */ = {isa = PBXBuildFile; fileRef = FED7EA8F1DAF3BC50085C282 /* Contents.json */; };
		FED7EAA21DAF3BC50085C282 /* Icon-App-20x20@1x.png in Resources */ = {isa = PBXBuildFile; fileRef = FED7EA901DAF3BC50085C282 /* Icon-App-20x20@1x.png */; };
		FED7EAA31DAF3BC50085C282 /* Icon-App-20x20@2x.png in Resources */ = {isa = PBXBuildFile; fileRef = FED7EA911DAF3BC50085C282 /* Icon-App-20x20@2x.png */; };
		FED7EAA41DAF3BC50085C282 /* Icon-App-20x20@3x.png in Resources */ = {isa = PBXBuildFile; fileRef = FED7EA921DAF3BC50085C282 /* Icon-App-20x20@3x.png */; };
		FED7EAA51DAF3BC50085C282 /* Icon-App-29x29@1x.png in Resources */ = {isa = PBXBuildFile; fileRef = FED7EA931DAF3BC50085C282 /* Icon-App-29x29@1x.png */; };
		FED7EAA61DAF3BC50085C282 /* Icon-App-29x29@2x.png in Resources */ = {isa = PBXBuildFile; fileRef = FED7EA941DAF3BC50085C282 /* Icon-App-29x29@2x.png */; };
		FED7EAA71DAF3BC50085C282 /* Icon-App-29x29@3x.png in Resources */ = {isa = PBXBuildFile; fileRef = FED7EA951DAF3BC50085C282 /* Icon-App-29x29@3x.png */; };
		FED7EAA81DAF3BC50085C282 /* Icon-App-40x40@1x.png in Resources */ = {isa = PBXBuildFile; fileRef = FED7EA961DAF3BC50085C282 /* Icon-App-40x40@1x.png */; };
		FED7EAA91DAF3BC50085C282 /* Icon-App-40x40@2x.png in Resources */ = {isa = PBXBuildFile; fileRef = FED7EA971DAF3BC50085C282 /* Icon-App-40x40@2x.png */; };
		FED7EAAA1DAF3BC50085C282 /* Icon-App-40x40@3x.png in Resources */ = {isa = PBXBuildFile; fileRef = FED7EA981DAF3BC50085C282 /* Icon-App-40x40@3x.png */; };
		FED7EAAB1DAF3BC50085C282 /* Icon-App-57x57@1x.png in Resources */ = {isa = PBXBuildFile; fileRef = FED7EA991DAF3BC50085C282 /* Icon-App-57x57@1x.png */; };
		FED7EAAC1DAF3BC50085C282 /* Icon-App-60x60@1x.png in Resources */ = {isa = PBXBuildFile; fileRef = FED7EA9A1DAF3BC50085C282 /* Icon-App-60x60@1x.png */; };
		FED7EAAD1DAF3BC50085C282 /* Icon-App-60x60@2x.png in Resources */ = {isa = PBXBuildFile; fileRef = FED7EA9B1DAF3BC50085C282 /* Icon-App-60x60@2x.png */; };
		FED7EAAE1DAF3BC50085C282 /* Icon-App-60x60@3x.png in Resources */ = {isa = PBXBuildFile; fileRef = FED7EA9C1DAF3BC50085C282 /* Icon-App-60x60@3x.png */; };
		FED7EAAF1DAF3BC50085C282 /* Icon-App-76x76@1x.png in Resources */ = {isa = PBXBuildFile; fileRef = FED7EA9D1DAF3BC50085C282 /* Icon-App-76x76@1x.png */; };
		FED7EAB01DAF3BC50085C282 /* Icon-App-76x76@2x.png in Resources */ = {isa = PBXBuildFile; fileRef = FED7EA9E1DAF3BC50085C282 /* Icon-App-76x76@2x.png */; };
		FED7EAB11DAF3BC50085C282 /* Icon-App-76x76@3x.png in Resources */ = {isa = PBXBuildFile; fileRef = FED7EA9F1DAF3BC50085C282 /* Icon-App-76x76@3x.png */; };
		FED7EAB21DAF3BC50085C282 /* Icon-App-83.5x83.5@2x.png in Resources */ = {isa = PBXBuildFile; fileRef = FED7EAA01DAF3BC50085C282 /* Icon-App-83.5x83.5@2x.png */; };
/* End PBXBuildFile section */

/* Begin PBXContainerItemProxy section */
		FEACB1DB1DA8B79B0068AC10 /* PBXContainerItemProxy */ = {
			isa = PBXContainerItemProxy;
			containerPortal = FEACB1BC1DA8B79B0068AC10 /* Project object */;
			proxyType = 1;
			remoteGlobalIDString = FEACB1C31DA8B79B0068AC10;
			remoteInfo = SplytMusic;
		};
		FEACB1E61DA8B79B0068AC10 /* PBXContainerItemProxy */ = {
			isa = PBXContainerItemProxy;
			containerPortal = FEACB1BC1DA8B79B0068AC10 /* Project object */;
			proxyType = 1;
			remoteGlobalIDString = FEACB1C31DA8B79B0068AC10;
			remoteInfo = SplytMusic;
		};
/* End PBXContainerItemProxy section */

/* Begin PBXFileReference section */
		FE16A6411DA985F000294D7F /* MediaPlayer.framework */ = {isa = PBXFileReference; lastKnownFileType = wrapper.framework; name = MediaPlayer.framework; path = System/Library/Frameworks/MediaPlayer.framework; sourceTree = SDKROOT; };
		FE3EE6F01DAAD88300FF0FC4 /* Capture.PNG */ = {isa = PBXFileReference; lastKnownFileType = image.png; path = Capture.PNG; sourceTree = "<group>"; };
		FE3EE6F21DAADE7600FF0FC4 /* CI5wl3.png */ = {isa = PBXFileReference; lastKnownFileType = image.png; path = CI5wl3.png; sourceTree = "<group>"; };
		FE8D152A1DB6C855002C6569 /* album-ph.png */ = {isa = PBXFileReference; lastKnownFileType = image.png; path = "album-ph.png"; sourceTree = "<group>"; };
		FEACB1C41DA8B79B0068AC10 /* SplytMusic.app */ = {isa = PBXFileReference; explicitFileType = wrapper.application; includeInIndex = 0; path = SplytMusic.app; sourceTree = BUILT_PRODUCTS_DIR; };
		FEACB1C71DA8B79B0068AC10 /* AppDelegate.swift */ = {isa = PBXFileReference; lastKnownFileType = sourcecode.swift; path = AppDelegate.swift; sourceTree = "<group>"; };
		FEACB1C91DA8B79B0068AC10 /* FirstViewController.swift */ = {isa = PBXFileReference; lastKnownFileType = sourcecode.swift; path = FirstViewController.swift; sourceTree = "<group>"; };
		FEACB1CB1DA8B79B0068AC10 /* SecondViewController.swift */ = {isa = PBXFileReference; lastKnownFileType = sourcecode.swift; path = SecondViewController.swift; sourceTree = "<group>"; };
		FEACB1CE1DA8B79B0068AC10 /* Base */ = {isa = PBXFileReference; lastKnownFileType = file.storyboard; name = Base; path = Base.lproj/Main.storyboard; sourceTree = "<group>"; };
		FEACB1D01DA8B79B0068AC10 /* Assets.xcassets */ = {isa = PBXFileReference; lastKnownFileType = folder.assetcatalog; path = Assets.xcassets; sourceTree = "<group>"; };
		FEACB1D31DA8B79B0068AC10 /* Base */ = {isa = PBXFileReference; lastKnownFileType = file.storyboard; name = Base; path = Base.lproj/LaunchScreen.storyboard; sourceTree = "<group>"; };
		FEACB1D51DA8B79B0068AC10 /* Info.plist */ = {isa = PBXFileReference; lastKnownFileType = text.plist.xml; path = Info.plist; sourceTree = "<group>"; };
		FEACB1DA1DA8B79B0068AC10 /* SplytMusicTests.xctest */ = {isa = PBXFileReference; explicitFileType = wrapper.cfbundle; includeInIndex = 0; path = SplytMusicTests.xctest; sourceTree = BUILT_PRODUCTS_DIR; };
		FEACB1DE1DA8B79B0068AC10 /* SplytMusicTests.swift */ = {isa = PBXFileReference; lastKnownFileType = sourcecode.swift; path = SplytMusicTests.swift; sourceTree = "<group>"; };
		FEACB1E01DA8B79B0068AC10 /* Info.plist */ = {isa = PBXFileReference; lastKnownFileType = text.plist.xml; path = Info.plist; sourceTree = "<group>"; };
		FEACB1E51DA8B79B0068AC10 /* SplytMusicUITests.xctest */ = {isa = PBXFileReference; explicitFileType = wrapper.cfbundle; includeInIndex = 0; path = SplytMusicUITests.xctest; sourceTree = BUILT_PRODUCTS_DIR; };
		FEACB1E91DA8B79B0068AC10 /* SplytMusicUITests.swift */ = {isa = PBXFileReference; lastKnownFileType = sourcecode.swift; path = SplytMusicUITests.swift; sourceTree = "<group>"; };
		FEACB1EB1DA8B79B0068AC10 /* Info.plist */ = {isa = PBXFileReference; lastKnownFileType = text.plist.xml; path = Info.plist; sourceTree = "<group>"; };
		FEACB1FE1DA9665A0068AC10 /* MusicManager.swift */ = {isa = PBXFileReference; fileEncoding = 4; lastKnownFileType = sourcecode.swift; path = MusicManager.swift; sourceTree = "<group>"; };
		FEACB2001DA9698D0068AC10 /* MusicState.swift */ = {isa = PBXFileReference; fileEncoding = 4; lastKnownFileType = sourcecode.swift; path = MusicState.swift; sourceTree = "<group>"; };
		FED7EA8F1DAF3BC50085C282 /* Contents.json */ = {isa = PBXFileReference; fileEncoding = 4; lastKnownFileType = text.json; path = Contents.json; sourceTree = "<group>"; };
		FED7EA901DAF3BC50085C282 /* Icon-App-20x20@1x.png */ = {isa = PBXFileReference; lastKnownFileType = image.png; path = "Icon-App-20x20@1x.png"; sourceTree = "<group>"; };
		FED7EA911DAF3BC50085C282 /* Icon-App-20x20@2x.png */ = {isa = PBXFileReference; lastKnownFileType = image.png; path = "Icon-App-20x20@2x.png"; sourceTree = "<group>"; };
		FED7EA921DAF3BC50085C282 /* Icon-App-20x20@3x.png */ = {isa = PBXFileReference; lastKnownFileType = image.png; path = "Icon-App-20x20@3x.png"; sourceTree = "<group>"; };
		FED7EA931DAF3BC50085C282 /* Icon-App-29x29@1x.png */ = {isa = PBXFileReference; lastKnownFileType = image.png; path = "Icon-App-29x29@1x.png"; sourceTree = "<group>"; };
		FED7EA941DAF3BC50085C282 /* Icon-App-29x29@2x.png */ = {isa = PBXFileReference; lastKnownFileType = image.png; path = "Icon-App-29x29@2x.png"; sourceTree = "<group>"; };
		FED7EA951DAF3BC50085C282 /* Icon-App-29x29@3x.png */ = {isa = PBXFileReference; lastKnownFileType = image.png; path = "Icon-App-29x29@3x.png"; sourceTree = "<group>"; };
		FED7EA961DAF3BC50085C282 /* Icon-App-40x40@1x.png */ = {isa = PBXFileReference; lastKnownFileType = image.png; path = "Icon-App-40x40@1x.png"; sourceTree = "<group>"; };
		FED7EA971DAF3BC50085C282 /* Icon-App-40x40@2x.png */ = {isa = PBXFileReference; lastKnownFileType = image.png; path = "Icon-App-40x40@2x.png"; sourceTree = "<group>"; };
		FED7EA981DAF3BC50085C282 /* Icon-App-40x40@3x.png */ = {isa = PBXFileReference; lastKnownFileType = image.png; path = "Icon-App-40x40@3x.png"; sourceTree = "<group>"; };
		FED7EA991DAF3BC50085C282 /* Icon-App-57x57@1x.png */ = {isa = PBXFileReference; lastKnownFileType = image.png; path = "Icon-App-57x57@1x.png"; sourceTree = "<group>"; };
		FED7EA9A1DAF3BC50085C282 /* Icon-App-60x60@1x.png */ = {isa = PBXFileReference; lastKnownFileType = image.png; path = "Icon-App-60x60@1x.png"; sourceTree = "<group>"; };
		FED7EA9B1DAF3BC50085C282 /* Icon-App-60x60@2x.png */ = {isa = PBXFileReference; lastKnownFileType = image.png; path = "Icon-App-60x60@2x.png"; sourceTree = "<group>"; };
		FED7EA9C1DAF3BC50085C282 /* Icon-App-60x60@3x.png */ = {isa = PBXFileReference; lastKnownFileType = image.png; path = "Icon-App-60x60@3x.png"; sourceTree = "<group>"; };
		FED7EA9D1DAF3BC50085C282 /* Icon-App-76x76@1x.png */ = {isa = PBXFileReference; lastKnownFileType = image.png; path = "Icon-App-76x76@1x.png"; sourceTree = "<group>"; };
		FED7EA9E1DAF3BC50085C282 /* Icon-App-76x76@2x.png */ = {isa = PBXFileReference; lastKnownFileType = image.png; path = "Icon-App-76x76@2x.png"; sourceTree = "<group>"; };
		FED7EA9F1DAF3BC50085C282 /* Icon-App-76x76@3x.png */ = {isa = PBXFileReference; lastKnownFileType = image.png; path = "Icon-App-76x76@3x.png"; sourceTree = "<group>"; };
		FED7EAA01DAF3BC50085C282 /* Icon-App-83.5x83.5@2x.png */ = {isa = PBXFileReference; lastKnownFileType = image.png; path = "Icon-App-83.5x83.5@2x.png"; sourceTree = "<group>"; };
/* End PBXFileReference section */

/* Begin PBXFrameworksBuildPhase section */
		FEACB1C11DA8B79B0068AC10 /* Frameworks */ = {
			isa = PBXFrameworksBuildPhase;
			buildActionMask = 2147483647;
			files = (
				FE16A6421DA985F000294D7F /* MediaPlayer.framework in Frameworks */,
			);
			runOnlyForDeploymentPostprocessing = 0;
		};
		FEACB1D71DA8B79B0068AC10 /* Frameworks */ = {
			isa = PBXFrameworksBuildPhase;
			buildActionMask = 2147483647;
			files = (
			);
			runOnlyForDeploymentPostprocessing = 0;
		};
		FEACB1E21DA8B79B0068AC10 /* Frameworks */ = {
			isa = PBXFrameworksBuildPhase;
			buildActionMask = 2147483647;
			files = (
			);
			runOnlyForDeploymentPostprocessing = 0;
		};
/* End PBXFrameworksBuildPhase section */

/* Begin PBXGroup section */
		FE16A6401DA985F000294D7F /* Frameworks */ = {
			isa = PBXGroup;
			children = (
				FE16A6411DA985F000294D7F /* MediaPlayer.framework */,
			);
			name = Frameworks;
			sourceTree = "<group>";
		};
		FEACB1BB1DA8B79B0068AC10 = {
			isa = PBXGroup;
			children = (
				FEACB1C61DA8B79B0068AC10 /* SplytMusic */,
				FEACB1DD1DA8B79B0068AC10 /* SplytMusicTests */,
				FEACB1E81DA8B79B0068AC10 /* SplytMusicUITests */,
				FEACB1C51DA8B79B0068AC10 /* Products */,
				FE16A6401DA985F000294D7F /* Frameworks */,
			);
			sourceTree = "<group>";
		};
		FEACB1C51DA8B79B0068AC10 /* Products */ = {
			isa = PBXGroup;
			children = (
				FEACB1C41DA8B79B0068AC10 /* SplytMusic.app */,
				FEACB1DA1DA8B79B0068AC10 /* SplytMusicTests.xctest */,
				FEACB1E51DA8B79B0068AC10 /* SplytMusicUITests.xctest */,
			);
			name = Products;
			sourceTree = "<group>";
		};
		FEACB1C61DA8B79B0068AC10 /* SplytMusic */ = {
			isa = PBXGroup;
			children = (
				FE8D152A1DB6C855002C6569 /* album-ph.png */,
				FE3EE6F21DAADE7600FF0FC4 /* CI5wl3.png */,
				FE3EE6F01DAAD88300FF0FC4 /* Capture.PNG */,
				FEACB1FB1DA957A80068AC10 /* db */,
				FEACB1C71DA8B79B0068AC10 /* AppDelegate.swift */,
				FEACB1C91DA8B79B0068AC10 /* FirstViewController.swift */,
				FEACB1CB1DA8B79B0068AC10 /* SecondViewController.swift */,
				FED7EA8E1DAF3BC50085C282 /* AppIcon.appiconset */,
				FEACB1CD1DA8B79B0068AC10 /* Main.storyboard */,
				FEACB1D01DA8B79B0068AC10 /* Assets.xcassets */,
				FEACB1D21DA8B79B0068AC10 /* LaunchScreen.storyboard */,
				FEACB1D51DA8B79B0068AC10 /* Info.plist */,
				FEACB1FE1DA9665A0068AC10 /* MusicManager.swift */,
				FEACB2001DA9698D0068AC10 /* MusicState.swift */,
			);
			path = SplytMusic;
			sourceTree = "<group>";
		};
		FEACB1DD1DA8B79B0068AC10 /* SplytMusicTests */ = {
			isa = PBXGroup;
			children = (
				FEACB1DE1DA8B79B0068AC10 /* SplytMusicTests.swift */,
				FEACB1E01DA8B79B0068AC10 /* Info.plist */,
			);
			path = SplytMusicTests;
			sourceTree = "<group>";
		};
		FEACB1E81DA8B79B0068AC10 /* SplytMusicUITests */ = {
			isa = PBXGroup;
			children = (
				FEACB1E91DA8B79B0068AC10 /* SplytMusicUITests.swift */,
				FEACB1EB1DA8B79B0068AC10 /* Info.plist */,
			);
			path = SplytMusicUITests;
			sourceTree = "<group>";
		};
		FEACB1FB1DA957A80068AC10 /* db */ = {
			isa = PBXGroup;
			children = (
			);
			name = db;
			sourceTree = "<group>";
		};
		FED7EA8E1DAF3BC50085C282 /* AppIcon.appiconset */ = {
			isa = PBXGroup;
			children = (
				FED7EA8F1DAF3BC50085C282 /* Contents.json */,
				FED7EA901DAF3BC50085C282 /* Icon-App-20x20@1x.png */,
				FED7EA911DAF3BC50085C282 /* Icon-App-20x20@2x.png */,
				FED7EA921DAF3BC50085C282 /* Icon-App-20x20@3x.png */,
				FED7EA931DAF3BC50085C282 /* Icon-App-29x29@1x.png */,
				FED7EA941DAF3BC50085C282 /* Icon-App-29x29@2x.png */,
				FED7EA951DAF3BC50085C282 /* Icon-App-29x29@3x.png */,
				FED7EA961DAF3BC50085C282 /* Icon-App-40x40@1x.png */,
				FED7EA971DAF3BC50085C282 /* Icon-App-40x40@2x.png */,
				FED7EA981DAF3BC50085C282 /* Icon-App-40x40@3x.png */,
				FED7EA991DAF3BC50085C282 /* Icon-App-57x57@1x.png */,
				FED7EA9A1DAF3BC50085C282 /* Icon-App-60x60@1x.png */,
				FED7EA9B1DAF3BC50085C282 /* Icon-App-60x60@2x.png */,
				FED7EA9C1DAF3BC50085C282 /* Icon-App-60x60@3x.png */,
				FED7EA9D1DAF3BC50085C282 /* Icon-App-76x76@1x.png */,
				FED7EA9E1DAF3BC50085C282 /* Icon-App-76x76@2x.png */,
				FED7EA9F1DAF3BC50085C282 /* Icon-App-76x76@3x.png */,
				FED7EAA01DAF3BC50085C282 /* Icon-App-83.5x83.5@2x.png */,
			);
			path = AppIcon.appiconset;
			sourceTree = "<group>";
		};
/* End PBXGroup section */

/* Begin PBXNativeTarget section */
		FEACB1C31DA8B79B0068AC10 /* SplytMusic */ = {
			isa = PBXNativeTarget;
			buildConfigurationList = FEACB1EE1DA8B79B0068AC10 /* Build configuration list for PBXNativeTarget "SplytMusic" */;
			buildPhases = (
				FEACB1C01DA8B79B0068AC10 /* Sources */,
				FEACB1C11DA8B79B0068AC10 /* Frameworks */,
				FEACB1C21DA8B79B0068AC10 /* Resources */,
			);
			buildRules = (
			);
			dependencies = (
			);
			name = SplytMusic;
			productName = SplytMusic;
			productReference = FEACB1C41DA8B79B0068AC10 /* SplytMusic.app */;
			productType = "com.apple.product-type.application";
		};
		FEACB1D91DA8B79B0068AC10 /* SplytMusicTests */ = {
			isa = PBXNativeTarget;
			buildConfigurationList = FEACB1F11DA8B79B0068AC10 /* Build configuration list for PBXNativeTarget "SplytMusicTests" */;
			buildPhases = (
				FEACB1D61DA8B79B0068AC10 /* Sources */,
				FEACB1D71DA8B79B0068AC10 /* Frameworks */,
				FEACB1D81DA8B79B0068AC10 /* Resources */,
			);
			buildRules = (
			);
			dependencies = (
				FEACB1DC1DA8B79B0068AC10 /* PBXTargetDependency */,
			);
			name = SplytMusicTests;
			productName = SplytMusicTests;
			productReference = FEACB1DA1DA8B79B0068AC10 /* SplytMusicTests.xctest */;
			productType = "com.apple.product-type.bundle.unit-test";
		};
		FEACB1E41DA8B79B0068AC10 /* SplytMusicUITests */ = {
			isa = PBXNativeTarget;
			buildConfigurationList = FEACB1F41DA8B79B0068AC10 /* Build configuration list for PBXNativeTarget "SplytMusicUITests" */;
			buildPhases = (
				FEACB1E11DA8B79B0068AC10 /* Sources */,
				FEACB1E21DA8B79B0068AC10 /* Frameworks */,
				FEACB1E31DA8B79B0068AC10 /* Resources */,
			);
			buildRules = (
			);
			dependencies = (
				FEACB1E71DA8B79B0068AC10 /* PBXTargetDependency */,
			);
			name = SplytMusicUITests;
			productName = SplytMusicUITests;
			productReference = FEACB1E51DA8B79B0068AC10 /* SplytMusicUITests.xctest */;
			productType = "com.apple.product-type.bundle.ui-testing";
		};
/* End PBXNativeTarget section */

/* Begin PBXProject section */
		FEACB1BC1DA8B79B0068AC10 /* Project object */ = {
			isa = PBXProject;
			attributes = {
				LastSwiftUpdateCheck = 0800;
				LastUpgradeCheck = 0800;
				ORGANIZATIONNAME = DrewWeth;
				TargetAttributes = {
					FEACB1C31DA8B79B0068AC10 = {
						CreatedOnToolsVersion = 8.0;
						DevelopmentTeam = SR4698DKCZ;
						ProvisioningStyle = Automatic;
					};
					FEACB1D91DA8B79B0068AC10 = {
						CreatedOnToolsVersion = 8.0;
						DevelopmentTeam = SR4698DKCZ;
						ProvisioningStyle = Automatic;
						TestTargetID = FEACB1C31DA8B79B0068AC10;
					};
					FEACB1E41DA8B79B0068AC10 = {
						CreatedOnToolsVersion = 8.0;
						DevelopmentTeam = SR4698DKCZ;
						ProvisioningStyle = Automatic;
						TestTargetID = FEACB1C31DA8B79B0068AC10;
					};
				};
			};
			buildConfigurationList = FEACB1BF1DA8B79B0068AC10 /* Build configuration list for PBXProject "SplytMusic" */;
			compatibilityVersion = "Xcode 3.2";
			developmentRegion = English;
			hasScannedForEncodings = 0;
			knownRegions = (
				en,
				Base,
			);
			mainGroup = FEACB1BB1DA8B79B0068AC10;
			productRefGroup = FEACB1C51DA8B79B0068AC10 /* Products */;
			projectDirPath = "";
			projectRoot = "";
			targets = (
				FEACB1C31DA8B79B0068AC10 /* SplytMusic */,
				FEACB1D91DA8B79B0068AC10 /* SplytMusicTests */,
				FEACB1E41DA8B79B0068AC10 /* SplytMusicUITests */,
			);
		};
/* End PBXProject section */

/* Begin PBXResourcesBuildPhase section */
		FEACB1C21DA8B79B0068AC10 /* Resources */ = {
			isa = PBXResourcesBuildPhase;
			buildActionMask = 2147483647;
			files = (
				FE3EE6F11DAAD88300FF0FC4 /* Capture.PNG in Resources */,
				FED7EAA31DAF3BC50085C282 /* Icon-App-20x20@2x.png in Resources */,
				FEACB1D41DA8B79B0068AC10 /* LaunchScreen.storyboard in Resources */,
				FEACB1D11DA8B79B0068AC10 /* Assets.xcassets in Resources */,
				FED7EAA81DAF3BC50085C282 /* Icon-App-40x40@1x.png in Resources */,
				FE8D152B1DB6C855002C6569 /* album-ph.png in Resources */,
				FED7EAAD1DAF3BC50085C282 /* Icon-App-60x60@2x.png in Resources */,
				FED7EAA91DAF3BC50085C282 /* Icon-App-40x40@2x.png in Resources */,
				FED7EAA71DAF3BC50085C282 /* Icon-App-29x29@3x.png in Resources */,
				FED7EAA61DAF3BC50085C282 /* Icon-App-29x29@2x.png in Resources */,
				FED7EAB21DAF3BC50085C282 /* Icon-App-83.5x83.5@2x.png in Resources */,
				FED7EAAC1DAF3BC50085C282 /* Icon-App-60x60@1x.png in Resources */,
				FEACB1CF1DA8B79B0068AC10 /* Main.storyboard in Resources */,
				FED7EAB01DAF3BC50085C282 /* Icon-App-76x76@2x.png in Resources */,
				FED7EAA11DAF3BC50085C282 /* Contents.json in Resources */,
				FED7EAA51DAF3BC50085C282 /* Icon-App-29x29@1x.png in Resources */,
				FED7EAB11DAF3BC50085C282 /* Icon-App-76x76@3x.png in Resources */,
				FED7EAA41DAF3BC50085C282 /* Icon-App-20x20@3x.png in Resources */,
				FED7EAAA1DAF3BC50085C282 /* Icon-App-40x40@3x.png in Resources */,
				FE3EE6F31DAADE7600FF0FC4 /* CI5wl3.png in Resources */,
				FED7EAAB1DAF3BC50085C282 /* Icon-App-57x57@1x.png in Resources */,
				FED7EAA21DAF3BC50085C282 /* Icon-App-20x20@1x.png in Resources */,
				FED7EAAE1DAF3BC50085C282 /* Icon-App-60x60@3x.png in Resources */,
				FED7EAAF1DAF3BC50085C282 /* Icon-App-76x76@1x.png in Resources */,
			);
			runOnlyForDeploymentPostprocessing = 0;
		};
		FEACB1D81DA8B79B0068AC10 /* Resources */ = {
			isa = PBXResourcesBuildPhase;
			buildActionMask = 2147483647;
			files = (
			);
			runOnlyForDeploymentPostprocessing = 0;
		};
		FEACB1E31DA8B79B0068AC10 /* Resources */ = {
			isa = PBXResourcesBuildPhase;
			buildActionMask = 2147483647;
			files = (
			);
			runOnlyForDeploymentPostprocessing = 0;
		};
/* End PBXResourcesBuildPhase section */

/* Begin PBXSourcesBuildPhase section */
		FEACB1C01DA8B79B0068AC10 /* Sources */ = {
			isa = PBXSourcesBuildPhase;
			buildActionMask = 2147483647;
			files = (
				FEACB1CC1DA8B79B0068AC10 /* SecondViewController.swift in Sources */,
				FEACB1C81DA8B79B0068AC10 /* AppDelegate.swift in Sources */,
				FEACB1CA1DA8B79B0068AC10 /* FirstViewController.swift in Sources */,
				FEACB2011DA9698D0068AC10 /* MusicState.swift in Sources */,
				FEACB1FF1DA9665A0068AC10 /* MusicManager.swift in Sources */,
			);
			runOnlyForDeploymentPostprocessing = 0;
		};
		FEACB1D61DA8B79B0068AC10 /* Sources */ = {
			isa = PBXSourcesBuildPhase;
			buildActionMask = 2147483647;
			files = (
				FEACB1DF1DA8B79B0068AC10 /* SplytMusicTests.swift in Sources */,
			);
			runOnlyForDeploymentPostprocessing = 0;
		};
		FEACB1E11DA8B79B0068AC10 /* Sources */ = {
			isa = PBXSourcesBuildPhase;
			buildActionMask = 2147483647;
			files = (
				FEACB1EA1DA8B79B0068AC10 /* SplytMusicUITests.swift in Sources */,
			);
			runOnlyForDeploymentPostprocessing = 0;
		};
/* End PBXSourcesBuildPhase section */

/* Begin PBXTargetDependency section */
		FEACB1DC1DA8B79B0068AC10 /* PBXTargetDependency */ = {
			isa = PBXTargetDependency;
			target = FEACB1C31DA8B79B0068AC10 /* SplytMusic */;
			targetProxy = FEACB1DB1DA8B79B0068AC10 /* PBXContainerItemProxy */;
		};
		FEACB1E71DA8B79B0068AC10 /* PBXTargetDependency */ = {
			isa = PBXTargetDependency;
			target = FEACB1C31DA8B79B0068AC10 /* SplytMusic */;
			targetProxy = FEACB1E61DA8B79B0068AC10 /* PBXContainerItemProxy */;
		};
/* End PBXTargetDependency section */

/* Begin PBXVariantGroup section */
		FEACB1CD1DA8B79B0068AC10 /* Main.storyboard */ = {
			isa = PBXVariantGroup;
			children = (
				FEACB1CE1DA8B79B0068AC10 /* Base */,
			);
			name = Main.storyboard;
			sourceTree = "<group>";
		};
		FEACB1D21DA8B79B0068AC10 /* LaunchScreen.storyboard */ = {
			isa = PBXVariantGroup;
			children = (
				FEACB1D31DA8B79B0068AC10 /* Base */,
			);
			name = LaunchScreen.storyboard;
			sourceTree = "<group>";
		};
/* End PBXVariantGroup section */

/* Begin XCBuildConfiguration section */
		FEACB1EC1DA8B79B0068AC10 /* Debug */ = {
			isa = XCBuildConfiguration;
			buildSettings = {
				ALWAYS_SEARCH_USER_PATHS = NO;
				CLANG_ANALYZER_NONNULL = YES;
				CLANG_CXX_LANGUAGE_STANDARD = "gnu++0x";
				CLANG_CXX_LIBRARY = "libc++";
				CLANG_ENABLE_MODULES = YES;
				CLANG_ENABLE_OBJC_ARC = YES;
				CLANG_WARN_BOOL_CONVERSION = YES;
				CLANG_WARN_CONSTANT_CONVERSION = YES;
				CLANG_WARN_DIRECT_OBJC_ISA_USAGE = YES_ERROR;
				CLANG_WARN_DOCUMENTATION_COMMENTS = YES;
				CLANG_WARN_EMPTY_BODY = YES;
				CLANG_WARN_ENUM_CONVERSION = YES;
				CLANG_WARN_INFINITE_RECURSION = YES;
				CLANG_WARN_INT_CONVERSION = YES;
				CLANG_WARN_OBJC_ROOT_CLASS = YES_ERROR;
				CLANG_WARN_SUSPICIOUS_MOVES = YES;
				CLANG_WARN_UNREACHABLE_CODE = YES;
				CLANG_WARN__DUPLICATE_METHOD_MATCH = YES;
				"CODE_SIGN_IDENTITY[sdk=iphoneos*]" = "iPhone Developer";
				COPY_PHASE_STRIP = NO;
				DEBUG_INFORMATION_FORMAT = dwarf;
				ENABLE_STRICT_OBJC_MSGSEND = YES;
				ENABLE_TESTABILITY = YES;
				GCC_C_LANGUAGE_STANDARD = gnu99;
				GCC_DYNAMIC_NO_PIC = NO;
				GCC_NO_COMMON_BLOCKS = YES;
				GCC_OPTIMIZATION_LEVEL = 0;
				GCC_PREPROCESSOR_DEFINITIONS = (
					"DEBUG=1",
					"$(inherited)",
				);
				GCC_WARN_64_TO_32_BIT_CONVERSION = YES;
				GCC_WARN_ABOUT_RETURN_TYPE = YES_ERROR;
				GCC_WARN_UNDECLARED_SELECTOR = YES;
				GCC_WARN_UNINITIALIZED_AUTOS = YES_AGGRESSIVE;
				GCC_WARN_UNUSED_FUNCTION = YES;
				GCC_WARN_UNUSED_VARIABLE = YES;
				IPHONEOS_DEPLOYMENT_TARGET = 10.0;
				MTL_ENABLE_DEBUG_INFO = YES;
				ONLY_ACTIVE_ARCH = YES;
				SDKROOT = iphoneos;
				SWIFT_ACTIVE_COMPILATION_CONDITIONS = DEBUG;
				SWIFT_OPTIMIZATION_LEVEL = "-Onone";
				TARGETED_DEVICE_FAMILY = "1,2";
			};
			name = Debug;
		};
		FEACB1ED1DA8B79B0068AC10 /* Release */ = {
			isa = XCBuildConfiguration;
			buildSettings = {
				ALWAYS_SEARCH_USER_PATHS = NO;
				CLANG_ANALYZER_NONNULL = YES;
				CLANG_CXX_LANGUAGE_STANDARD = "gnu++0x";
				CLANG_CXX_LIBRARY = "libc++";
				CLANG_ENABLE_MODULES = YES;
				CLANG_ENABLE_OBJC_ARC = YES;
				CLANG_WARN_BOOL_CONVERSION = YES;
				CLANG_WARN_CONSTANT_CONVERSION = YES;
				CLANG_WARN_DIRECT_OBJC_ISA_USAGE = YES_ERROR;
				CLANG_WARN_DOCUMENTATION_COMMENTS = YES;
				CLANG_WARN_EMPTY_BODY = YES;
				CLANG_WARN_ENUM_CONVERSION = YES;
				CLANG_WARN_INFINITE_RECURSION = YES;
				CLANG_WARN_INT_CONVERSION = YES;
				CLANG_WARN_OBJC_ROOT_CLASS = YES_ERROR;
				CLANG_WARN_SUSPICIOUS_MOVES = YES;
				CLANG_WARN_UNREACHABLE_CODE = YES;
				CLANG_WARN__DUPLICATE_METHOD_MATCH = YES;
				"CODE_SIGN_IDENTITY[sdk=iphoneos*]" = "iPhone Developer";
				COPY_PHASE_STRIP = NO;
				DEBUG_INFORMATION_FORMAT = "dwarf-with-dsym";
				ENABLE_NS_ASSERTIONS = NO;
				ENABLE_STRICT_OBJC_MSGSEND = YES;
				GCC_C_LANGUAGE_STANDARD = gnu99;
				GCC_NO_COMMON_BLOCKS = YES;
				GCC_WARN_64_TO_32_BIT_CONVERSION = YES;
				GCC_WARN_ABOUT_RETURN_TYPE = YES_ERROR;
				GCC_WARN_UNDECLARED_SELECTOR = YES;
				GCC_WARN_UNINITIALIZED_AUTOS = YES_AGGRESSIVE;
				GCC_WARN_UNUSED_FUNCTION = YES;
				GCC_WARN_UNUSED_VARIABLE = YES;
				IPHONEOS_DEPLOYMENT_TARGET = 10.0;
				MTL_ENABLE_DEBUG_INFO = NO;
				SDKROOT = iphoneos;
				SWIFT_OPTIMIZATION_LEVEL = "-Owholemodule";
				TARGETED_DEVICE_FAMILY = "1,2";
				VALIDATE_PRODUCT = YES;
			};
			name = Release;
		};
		FEACB1EF1DA8B79B0068AC10 /* Debug */ = {
			isa = XCBuildConfiguration;
			buildSettings = {
				ASSETCATALOG_COMPILER_APPICON_NAME = AppIcon;
				DEVELOPMENT_TEAM = SR4698DKCZ;
				INFOPLIST_FILE = SplytMusic/Info.plist;
				LD_RUNPATH_SEARCH_PATHS = "$(inherited) @executable_path/Frameworks";
				PRODUCT_BUNDLE_IDENTIFIER = com.example.SplytMusic;
				PRODUCT_NAME = "$(TARGET_NAME)";
				SWIFT_VERSION = 3.0;
			};
			name = Debug;
		};
		FEACB1F01DA8B79B0068AC10 /* Release */ = {
			isa = XCBuildConfiguration;
			buildSettings = {
				ASSETCATALOG_COMPILER_APPICON_NAME = AppIcon;
				DEVELOPMENT_TEAM = SR4698DKCZ;
				INFOPLIST_FILE = SplytMusic/Info.plist;
				LD_RUNPATH_SEARCH_PATHS = "$(inherited) @executable_path/Frameworks";
				PRODUCT_BUNDLE_IDENTIFIER = com.example.SplytMusic;
				PRODUCT_NAME = "$(TARGET_NAME)";
				SWIFT_VERSION = 3.0;
			};
			name = Release;
		};
		FEACB1F21DA8B79B0068AC10 /* Debug */ = {
			isa = XCBuildConfiguration;
			buildSettings = {
				ALWAYS_EMBED_SWIFT_STANDARD_LIBRARIES = YES;
				BUNDLE_LOADER = "$(TEST_HOST)";
				DEVELOPMENT_TEAM = SR4698DKCZ;
				INFOPLIST_FILE = SplytMusicTests/Info.plist;
				LD_RUNPATH_SEARCH_PATHS = "$(inherited) @executable_path/Frameworks @loader_path/Frameworks";
				PRODUCT_BUNDLE_IDENTIFIER = com.example.SplytMusicTests;
				PRODUCT_NAME = "$(TARGET_NAME)";
				SWIFT_VERSION = 3.0;
				TEST_HOST = "$(BUILT_PRODUCTS_DIR)/SplytMusic.app/SplytMusic";
			};
			name = Debug;
		};
		FEACB1F31DA8B79B0068AC10 /* Release */ = {
			isa = XCBuildConfiguration;
			buildSettings = {
				ALWAYS_EMBED_SWIFT_STANDARD_LIBRARIES = YES;
				BUNDLE_LOADER = "$(TEST_HOST)";
				DEVELOPMENT_TEAM = SR4698DKCZ;
				INFOPLIST_FILE = SplytMusicTests/Info.plist;
				LD_RUNPATH_SEARCH_PATHS = "$(inherited) @executable_path/Frameworks @loader_path/Frameworks";
				PRODUCT_BUNDLE_IDENTIFIER = com.example.SplytMusicTests;
				PRODUCT_NAME = "$(TARGET_NAME)";
				SWIFT_VERSION = 3.0;
				TEST_HOST = "$(BUILT_PRODUCTS_DIR)/SplytMusic.app/SplytMusic";
			};
			name = Release;
		};
		FEACB1F51DA8B79B0068AC10 /* Debug */ = {
			isa = XCBuildConfiguration;
			buildSettings = {
				ALWAYS_EMBED_SWIFT_STANDARD_LIBRARIES = YES;
				DEVELOPMENT_TEAM = SR4698DKCZ;
				INFOPLIST_FILE = SplytMusicUITests/Info.plist;
				LD_RUNPATH_SEARCH_PATHS = "$(inherited) @executable_path/Frameworks @loader_path/Frameworks";
				PRODUCT_BUNDLE_IDENTIFIER = com.example.SplytMusicUITests;
				PRODUCT_NAME = "$(TARGET_NAME)";
				SWIFT_VERSION = 3.0;
				TEST_TARGET_NAME = SplytMusic;
			};
			name = Debug;
		};
		FEACB1F61DA8B79B0068AC10 /* Release */ = {
			isa = XCBuildConfiguration;
			buildSettings = {
				ALWAYS_EMBED_SWIFT_STANDARD_LIBRARIES = YES;
				DEVELOPMENT_TEAM = SR4698DKCZ;
				INFOPLIST_FILE = SplytMusicUITests/Info.plist;
				LD_RUNPATH_SEARCH_PATHS = "$(inherited) @executable_path/Frameworks @loader_path/Frameworks";
				PRODUCT_BUNDLE_IDENTIFIER = com.example.SplytMusicUITests;
				PRODUCT_NAME = "$(TARGET_NAME)";
				SWIFT_VERSION = 3.0;
				TEST_TARGET_NAME = SplytMusic;
			};
			name = Release;
		};
/* End XCBuildConfiguration section */

/* Begin XCConfigurationList section */
		FEACB1BF1DA8B79B0068AC10 /* Build configuration list for PBXProject "SplytMusic" */ = {
			isa = XCConfigurationList;
			buildConfigurations = (
				FEACB1EC1DA8B79B0068AC10 /* Debug */,
				FEACB1ED1DA8B79B0068AC10 /* Release */,
			);
			defaultConfigurationIsVisible = 0;
			defaultConfigurationName = Release;
		};
		FEACB1EE1DA8B79B0068AC10 /* Build configuration list for PBXNativeTarget "SplytMusic" */ = {
			isa = XCConfigurationList;
			buildConfigurations = (
				FEACB1EF1DA8B79B0068AC10 /* Debug */,
				FEACB1F01DA8B79B0068AC10 /* Release */,
			);
			defaultConfigurationIsVisible = 0;
			defaultConfigurationName = Release;
		};
		FEACB1F11DA8B79B0068AC10 /* Build configuration list for PBXNativeTarget "SplytMusicTests" */ = {
			isa = XCConfigurationList;
			buildConfigurations = (
				FEACB1F21DA8B79B0068AC10 /* Debug */,
				FEACB1F31DA8B79B0068AC10 /* Release */,
			);
			defaultConfigurationIsVisible = 0;
			defaultConfigurationName = Release;
		};
		FEACB1F41DA8B79B0068AC10 /* Build configuration list for PBXNativeTarget "SplytMusicUITests" */ = {
			isa = XCConfigurationList;
			buildConfigurations = (
				FEACB1F51DA8B79B0068AC10 /* Debug */,
				FEACB1F61DA8B79B0068AC10 /* Release */,
			);
			defaultConfigurationIsVisible = 0;
			defaultConfigurationName = Release;
		};
/* End XCConfigurationList section */
	};
	rootObject = FEACB1BC1DA8B79B0068AC10 /* Project object */;
}
